
Microsoft Visual Studio Solution File, Format Version 12.00
# Visual Studio Version 16
VisualStudioVersion = 16.0.31729.503
MinimumVisualStudioVersion = 10.0.40219.1
Project("{8BC9CEB8-8B4A-11D0-8D11-00A0C91BC942}") = "Stacks", "Stacks.vcxproj", "{B020D4E6-8BDF-4B65-8FFE-6E3F64C10956}"
EndProject
Global
	GlobalSection(SolutionConfigurationPlatforms) = preSolution
		Debug|x64 = Debug|x64
		Debug|x86 = Debug|x86
		Release|x64 = Release|x64
		Release|x86 = Release|x86
	EndGlobalSection
	GlobalSection(ProjectConfigurationPlatforms) = postSolution
		{B020D4E6-8BDF-4B65-8FFE-6E3F64C10956}.Debug|x64.ActiveCfg = Debug|x64
		{B020D4E6-8BDF-4B65-8FFE-6E3F64C10956}.Debug|x64.Build.0 = Debug|x64
		{B020D4E6-8BDF-4B65-8FFE-6E3F64C10956}.Debug|x86.ActiveCfg = Debug|Win32
		{B020D4E6-8BDF-4B65-8FFE-6E3F64C10956}.Debug|x86.Build.0 = Debug|Win32
		{B020D4E6-8BDF-4B65-8FFE-6E3F64C10956}.Release|x64.ActiveCfg = Release|x64
		{B020D4E6-8BDF-4B65-8FFE-6E3F64C10956}.Release|x64.Build.0 = Release|x64
		{B020D4E6-8BDF-4B65-8FFE-6E3F64C10956}.Release|x86.ActiveCfg = Release|Win32
		{B020D4E6-8BDF-4B65-8FFE-6E3F64C10956}.Release|x86.Build.0 = Release|Win32
	EndGlobalSection
	GlobalSection(SolutionProperties) = preSolution
		HideSolutionNode = FALSE
	EndGlobalSection
	GlobalSection(ExtensibilityGlobals) = postSolution
		SolutionGuid = {EDF8F693-E3CD-4697-BD7E-00AABC5ACAB9}
	EndGlobalSection
EndGlobal
